<?xml version="1.0" encoding="utf-8"?>
<Project ToolsVersion="4.0" xmlns="http://schemas.microsoft.com/developer/msbuild/2003">
  <ItemGroup>
    <Filter Include="Header Files">
      <UniqueIdentifier>{93995380-89BD-4b04-88EB-625FBE52EBFB}</UniqueIdentifier>
      <Extensions>h;hh;hpp;hxx;hm;inl;inc;ipp;xsd</Extensions>
    </Filter>
    <Filter Include="Source Files">
      <UniqueIdentifier>{4FC737F1-C7A5-4376-A066-2A32D752A2FF}</UniqueIdentifier>
      <Extensions>cpp;c;cc;cxx;def;odl;idl;hpj;bat;asm;asmx</Extensions>
    </Filter>
    <Filter Include="Resource Files">
      <UniqueIdentifier>{67DA6AB6-F800-4c08-8B7A-83BB121AAD01}</UniqueIdentifier>
      <Extensions>rc;ico;cur;bmp;dlg;rc2;rct;bin;rgs;gif;jpg;jpeg;jpe;resx;tiff;tif;png;wav;mfcribbon-ms</Extensions>
    </Filter>
  </ItemGroup>
  <ItemGroup>
    <ClCompile Include="src\glad.c">
      <Filter>Source Files</Filter>
    </ClCompile>
    <ClCompile Include="src\pch.cpp">
      <Filter>Source Files</Filter>
    </ClCompile>
    <ClCompile Include="src\GLFW.cpp">
      <Filter>Source Files</Filter>
    </ClCompile>
    <ClCompile Include="src\Program.cpp">
      <Filter>Source Files</Filter>
    </ClCompile>
    <ClCompile Include="src\Window.cpp">
      <Filter>Source Files</Filter>
    </ClCompile>
    <ClCompile Include="src\ObjectBase.cpp">
      <Filter>Source Files</Filter>
    </ClCompile>
    <ClCompile Include="src\VAO.cpp">
      <Filter>Source Files</Filter>
    </ClCompile>
    <ClCompile Include="src\Input.cpp">
      <Filter>Source Files</Filter>
    </ClCompile>
    <ClCompile Include="src\Monitor.cpp">
      <Filter>Source Files</Filter>
    </ClCompile>
    <ClCompile Include="src\Camera.cpp">
      <Filter>Source Files</Filter>
    </ClCompile>
    <ClCompile Include="src\Transform.cpp">
      <Filter>Source Files</Filter>
    </ClCompile>
    <ClCompile Include="src\Renderable.cpp">
      <Filter>Source Files</Filter>
    </ClCompile>
    <ClCompile Include="src\State.cpp">
      <Filter>Source Files</Filter>
    </ClCompile>
    <ClCompile Include="src\StateTypes.cpp">
      <Filter>Source Files</Filter>
    </ClCompile>
    <ClCompile Include="src\ObjectContext.cpp">
      <Filter>Source Files</Filter>
    </ClCompile>
    <ClCompile Include="src\PNGLoader.cpp">
      <Filter>Source Files</Filter>
    </ClCompile>
    <ClCompile Include="src\RBO.cpp">
      <Filter>Source Files</Filter>
    </ClCompile>
    <ClCompile Include="src\FBO.cpp">
      <Filter>Source Files</Filter>
    </ClCompile>
  </ItemGroup>
  <ItemGroup>
    <None Include="packages.config" />
  </ItemGroup>
  <ItemGroup>
    <ClInclude Include="include\dang-gl\pch.h">
      <Filter>Header Files</Filter>
    </ClInclude>
    <ClInclude Include="include\glad\glad.h">
      <Filter>Header Files</Filter>
    </ClInclude>
    <ClInclude Include="include\KHR\khrplatform.h">
      <Filter>Header Files</Filter>
    </ClInclude>
    <ClInclude Include="include\dang-gl\GLFW.h">
      <Filter>Header Files</Filter>
    </ClInclude>
    <ClInclude Include="include\dang-gl\Program.h">
      <Filter>Header Files</Filter>
    </ClInclude>
    <ClInclude Include="include\dang-gl\Window.h">
      <Filter>Header Files</Filter>
    </ClInclude>
    <ClInclude Include="include\dang-gl\Object.h">
      <Filter>Header Files</Filter>
    </ClInclude>
    <ClInclude Include="include\dang-gl\ObjectBase.h">
      <Filter>Header Files</Filter>
    </ClInclude>
    <ClInclude Include="include\dang-gl\UniformWrapper.h">
      <Filter>Header Files</Filter>
    </ClInclude>
    <ClInclude Include="include\dang-gl\VBO.h">
      <Filter>Header Files</Filter>
    </ClInclude>
    <ClInclude Include="include\dang-gl\VAO.h">
      <Filter>Header Files</Filter>
    </ClInclude>
    <ClInclude Include="include\dang-gl\ObjectType.h">
      <Filter>Header Files</Filter>
    </ClInclude>
    <ClInclude Include="include\dang-gl\Input.h">
      <Filter>Header Files</Filter>
    </ClInclude>
    <ClInclude Include="include\dang-gl\Monitor.h">
      <Filter>Header Files</Filter>
    </ClInclude>
    <ClInclude Include="include\dang-gl\Camera.h">
      <Filter>Header Files</Filter>
    </ClInclude>
    <ClInclude Include="include\dang-gl\Transform.h">
      <Filter>Header Files</Filter>
    </ClInclude>
    <ClInclude Include="include\dang-gl\Renderable.h">
      <Filter>Header Files</Filter>
    </ClInclude>
    <ClInclude Include="include\dang-gl\State.h">
      <Filter>Header Files</Filter>
    </ClInclude>
    <ClInclude Include="include\dang-gl\StateTypes.h">
      <Filter>Header Files</Filter>
    </ClInclude>
    <ClInclude Include="include\dang-gl\Texture.h">
      <Filter>Header Files</Filter>
    </ClInclude>
    <ClInclude Include="include\dang-gl\ObjectContext.h">
      <Filter>Header Files</Filter>
    </ClInclude>
    <ClInclude Include="include\dang-gl\PixelInternalFormat.h">
      <Filter>Header Files</Filter>
    </ClInclude>
    <ClInclude Include="include\dang-gl\PNGLoader.h">
      <Filter>Header Files</Filter>
    </ClInclude>
    <ClInclude Include="include\dang-gl\PixelFormat.h">
      <Filter>Header Files</Filter>
    </ClInclude>
    <ClInclude Include="include\dang-gl\PixelType.h">
      <Filter>Header Files</Filter>
    </ClInclude>
    <ClInclude Include="include\dang-gl\Pixel.h">
      <Filter>Header Files</Filter>
    </ClInclude>
    <ClInclude Include="include\dang-gl\Image.h">
      <Filter>Header Files</Filter>
    </ClInclude>
    <ClInclude Include="include\dang-gl\MathConstants.h">
      <Filter>Header Files</Filter>
    </ClInclude>
    <ClInclude Include="include\dang-gl\GLConstants.h">
      <Filter>Header Files</Filter>
    </ClInclude>
    <ClInclude Include="include\dang-gl\MathTypes.h">
      <Filter>Header Files</Filter>
    </ClInclude>
    <ClInclude Include="include\dang-gl\DataTypes.h">
      <Filter>Header Files</Filter>
    </ClInclude>
    <ClInclude Include="include\dang-gl\Buffer.h">
      <Filter>Header Files</Filter>
    </ClInclude>
    <ClInclude Include="include\dang-gl\RBO.h">
      <Filter>Header Files</Filter>
    </ClInclude>
    <ClInclude Include="include\dang-gl\FBO.h">
      <Filter>Header Files</Filter>
    </ClInclude>
  </ItemGroup>
</Project>