
Microsoft Visual Studio Solution File, Format Version 12.00
# Visual Studio Version 16
VisualStudioVersion = 16.0.29709.97
MinimumVisualStudioVersion = 10.0.40219.1
Project("{8BC9CEB8-8B4A-11D0-8D11-00A0C91BC942}") = "dang-example", "dang-example\dang-example.vcxproj", "{06CF51C4-8859-4E0E-95ED-4FC405102FA1}"
	ProjectSection(ProjectDependencies) = postProject
		{A08DC96A-227F-4E34-B855-B9A7620E1D01} = {A08DC96A-227F-4E34-B855-B9A7620E1D01}
		{64CE8AC2-0CD0-4F86-A529-96CB9940FED0} = {64CE8AC2-0CD0-4F86-A529-96CB9940FED0}
		{B18CD2C9-105C-4479-9FA2-574F6634160C} = {B18CD2C9-105C-4479-9FA2-574F6634160C}
		{8CBA00FE-4CDD-4102-B487-0D84F4800F3B} = {8CBA00FE-4CDD-4102-B487-0D84F4800F3B}
	EndProjectSection
EndProject
Project("{8BC9CEB8-8B4A-11D0-8D11-00A0C91BC942}") = "dang-gl", "dang-gl\dang-gl.vcxproj", "{A08DC96A-227F-4E34-B855-B9A7620E1D01}"
	ProjectSection(ProjectDependencies) = postProject
		{B18CD2C9-105C-4479-9FA2-574F6634160C} = {B18CD2C9-105C-4479-9FA2-574F6634160C}
		{8CBA00FE-4CDD-4102-B487-0D84F4800F3B} = {8CBA00FE-4CDD-4102-B487-0D84F4800F3B}
	EndProjectSection
EndProject
Project("{8BC9CEB8-8B4A-11D0-8D11-00A0C91BC942}") = "dang-lua", "dang-lua\dang-lua.vcxproj", "{64CE8AC2-0CD0-4F86-A529-96CB9940FED0}"
EndProject
Project("{8BC9CEB8-8B4A-11D0-8D11-00A0C91BC942}") = "dang-math", "dang-math\dang-math.vcxproj", "{8CBA00FE-4CDD-4102-B487-0D84F4800F3B}"
	ProjectSection(ProjectDependencies) = postProject
		{B18CD2C9-105C-4479-9FA2-574F6634160C} = {B18CD2C9-105C-4479-9FA2-574F6634160C}
	EndProjectSection
EndProject
Project("{8BC9CEB8-8B4A-11D0-8D11-00A0C91BC942}") = "dang-utils", "dang-utils\dang-utils.vcxproj", "{B18CD2C9-105C-4479-9FA2-574F6634160C}"
EndProject
Global
	GlobalSection(SolutionConfigurationPlatforms) = preSolution
		Debug|x64 = Debug|x64
		Debug|x86 = Debug|x86
		DebugVLD|x64 = DebugVLD|x64
		DebugVLD|x86 = DebugVLD|x86
		Release|x64 = Release|x64
		Release|x86 = Release|x86
	EndGlobalSection
	GlobalSection(ProjectConfigurationPlatforms) = postSolution
		{8CBA00FE-4CDD-4102-B487-0D84F4800F3B}.Debug|x64.ActiveCfg = Debug|x64
		{8CBA00FE-4CDD-4102-B487-0D84F4800F3B}.Debug|x64.Build.0 = Debug|x64
		{8CBA00FE-4CDD-4102-B487-0D84F4800F3B}.Debug|x86.ActiveCfg = Debug|Win32
		{8CBA00FE-4CDD-4102-B487-0D84F4800F3B}.Debug|x86.Build.0 = Debug|Win32
		{8CBA00FE-4CDD-4102-B487-0D84F4800F3B}.DebugVLD|x64.ActiveCfg = DebugVLD|x64
		{8CBA00FE-4CDD-4102-B487-0D84F4800F3B}.DebugVLD|x64.Build.0 = DebugVLD|x64
		{8CBA00FE-4CDD-4102-B487-0D84F4800F3B}.DebugVLD|x86.ActiveCfg = DebugVLD|Win32
		{8CBA00FE-4CDD-4102-B487-0D84F4800F3B}.DebugVLD|x86.Build.0 = DebugVLD|Win32
		{8CBA00FE-4CDD-4102-B487-0D84F4800F3B}.Release|x64.ActiveCfg = Release|x64
		{8CBA00FE-4CDD-4102-B487-0D84F4800F3B}.Release|x64.Build.0 = Release|x64
		{8CBA00FE-4CDD-4102-B487-0D84F4800F3B}.Release|x86.ActiveCfg = Release|Win32
		{8CBA00FE-4CDD-4102-B487-0D84F4800F3B}.Release|x86.Build.0 = Release|Win32
		{A08DC96A-227F-4E34-B855-B9A7620E1D01}.Debug|x64.ActiveCfg = Debug|x64
		{A08DC96A-227F-4E34-B855-B9A7620E1D01}.Debug|x64.Build.0 = Debug|x64
		{A08DC96A-227F-4E34-B855-B9A7620E1D01}.Debug|x86.ActiveCfg = Debug|Win32
		{A08DC96A-227F-4E34-B855-B9A7620E1D01}.Debug|x86.Build.0 = Debug|Win32
		{A08DC96A-227F-4E34-B855-B9A7620E1D01}.DebugVLD|x64.ActiveCfg = DebugVLD|x64
		{A08DC96A-227F-4E34-B855-B9A7620E1D01}.DebugVLD|x64.Build.0 = DebugVLD|x64
		{A08DC96A-227F-4E34-B855-B9A7620E1D01}.DebugVLD|x86.ActiveCfg = DebugVLD|Win32
		{A08DC96A-227F-4E34-B855-B9A7620E1D01}.DebugVLD|x86.Build.0 = DebugVLD|Win32
		{A08DC96A-227F-4E34-B855-B9A7620E1D01}.Release|x64.ActiveCfg = Release|x64
		{A08DC96A-227F-4E34-B855-B9A7620E1D01}.Release|x64.Build.0 = Release|x64
		{A08DC96A-227F-4E34-B855-B9A7620E1D01}.Release|x86.ActiveCfg = Release|Win32
		{A08DC96A-227F-4E34-B855-B9A7620E1D01}.Release|x86.Build.0 = Release|Win32
		{06CF51C4-8859-4E0E-95ED-4FC405102FA1}.Debug|x64.ActiveCfg = Debug|x64
		{06CF51C4-8859-4E0E-95ED-4FC405102FA1}.Debug|x64.Build.0 = Debug|x64
		{06CF51C4-8859-4E0E-95ED-4FC405102FA1}.Debug|x86.ActiveCfg = Debug|Win32
		{06CF51C4-8859-4E0E-95ED-4FC405102FA1}.Debug|x86.Build.0 = Debug|Win32
		{06CF51C4-8859-4E0E-95ED-4FC405102FA1}.DebugVLD|x64.ActiveCfg = DebugVLD|x64
		{06CF51C4-8859-4E0E-95ED-4FC405102FA1}.DebugVLD|x64.Build.0 = DebugVLD|x64
		{06CF51C4-8859-4E0E-95ED-4FC405102FA1}.DebugVLD|x86.ActiveCfg = DebugVLD|Win32
		{06CF51C4-8859-4E0E-95ED-4FC405102FA1}.DebugVLD|x86.Build.0 = DebugVLD|Win32
		{06CF51C4-8859-4E0E-95ED-4FC405102FA1}.Release|x64.ActiveCfg = Release|x64
		{06CF51C4-8859-4E0E-95ED-4FC405102FA1}.Release|x64.Build.0 = Release|x64
		{06CF51C4-8859-4E0E-95ED-4FC405102FA1}.Release|x86.ActiveCfg = Release|Win32
		{06CF51C4-8859-4E0E-95ED-4FC405102FA1}.Release|x86.Build.0 = Release|Win32
		{B18CD2C9-105C-4479-9FA2-574F6634160C}.Debug|x64.ActiveCfg = Debug|x64
		{B18CD2C9-105C-4479-9FA2-574F6634160C}.Debug|x64.Build.0 = Debug|x64
		{B18CD2C9-105C-4479-9FA2-574F6634160C}.Debug|x86.ActiveCfg = Debug|Win32
		{B18CD2C9-105C-4479-9FA2-574F6634160C}.Debug|x86.Build.0 = Debug|Win32
		{B18CD2C9-105C-4479-9FA2-574F6634160C}.DebugVLD|x64.ActiveCfg = DebugVLD|x64
		{B18CD2C9-105C-4479-9FA2-574F6634160C}.DebugVLD|x64.Build.0 = DebugVLD|x64
		{B18CD2C9-105C-4479-9FA2-574F6634160C}.DebugVLD|x86.ActiveCfg = DebugVLD|Win32
		{B18CD2C9-105C-4479-9FA2-574F6634160C}.DebugVLD|x86.Build.0 = DebugVLD|Win32
		{B18CD2C9-105C-4479-9FA2-574F6634160C}.Release|x64.ActiveCfg = Release|x64
		{B18CD2C9-105C-4479-9FA2-574F6634160C}.Release|x64.Build.0 = Release|x64
		{B18CD2C9-105C-4479-9FA2-574F6634160C}.Release|x86.ActiveCfg = Release|Win32
		{B18CD2C9-105C-4479-9FA2-574F6634160C}.Release|x86.Build.0 = Release|Win32
		{64CE8AC2-0CD0-4F86-A529-96CB9940FED0}.Debug|x64.ActiveCfg = Debug|x64
		{64CE8AC2-0CD0-4F86-A529-96CB9940FED0}.Debug|x64.Build.0 = Debug|x64
		{64CE8AC2-0CD0-4F86-A529-96CB9940FED0}.Debug|x86.ActiveCfg = Debug|Win32
		{64CE8AC2-0CD0-4F86-A529-96CB9940FED0}.Debug|x86.Build.0 = Debug|Win32
		{64CE8AC2-0CD0-4F86-A529-96CB9940FED0}.DebugVLD|x64.ActiveCfg = DebugVLD|x64
		{64CE8AC2-0CD0-4F86-A529-96CB9940FED0}.DebugVLD|x64.Build.0 = DebugVLD|x64
		{64CE8AC2-0CD0-4F86-A529-96CB9940FED0}.DebugVLD|x86.ActiveCfg = DebugVLD|Win32
		{64CE8AC2-0CD0-4F86-A529-96CB9940FED0}.DebugVLD|x86.Build.0 = DebugVLD|Win32
		{64CE8AC2-0CD0-4F86-A529-96CB9940FED0}.Release|x64.ActiveCfg = Release|x64
		{64CE8AC2-0CD0-4F86-A529-96CB9940FED0}.Release|x64.Build.0 = Release|x64
		{64CE8AC2-0CD0-4F86-A529-96CB9940FED0}.Release|x86.ActiveCfg = Release|Win32
		{64CE8AC2-0CD0-4F86-A529-96CB9940FED0}.Release|x86.Build.0 = Release|Win32
	EndGlobalSection
	GlobalSection(SolutionProperties) = preSolution
		HideSolutionNode = FALSE
	EndGlobalSection
	GlobalSection(ExtensibilityGlobals) = postSolution
		SolutionGuid = {A6BA5CAE-35D8-4AD8-AD4E-D7B12E5DA931}
	EndGlobalSection
EndGlobal
